
Microsoft Visual Studio Solution File, Format Version 12.00
# Visual Studio Version 17
VisualStudioVersion = 17.11.35303.130
MinimumVisualStudioVersion = 10.0.40219.1
Project("{2150E333-8FDC-42A3-9474-1A3956D46DE8}") = "Task0", "Task0", "{8B01D4EA-7D07-4E33-80A1-EF14DC5CD08B}"
EndProject
Project("{9A19103F-16F7-4668-BE54-9A1E7A4F7556}") = "Tyuiu.VasilevNV.Sprint5.Task0.V20.Lib", "Tyuiu.VasilevNV.Sprint5.Task0.V20.Lib\Tyuiu.VasilevNV.Sprint5.Task0.V20.Lib.csproj", "{75550680-5E97-40A1-A0B4-672BE57DC4A1}"
EndProject
Project("{9A19103F-16F7-4668-BE54-9A1E7A4F7556}") = "Tyuiu.VasilevNV.Sprint5.Task0.V20", "Tyuiu.VasilevNV.Sprint5.Task0.V20\Tyuiu.VasilevNV.Sprint5.Task0.V20.csproj", "{220F63D5-8E40-422A-A14C-FF20EB67317C}"
EndProject
Project("{9A19103F-16F7-4668-BE54-9A1E7A4F7556}") = "Tyuiu.VasilevNV.Sprint5.Task0.V20.Test", "Tyuiu.VasilevNV.Sprint5.Task0.V20.Test\Tyuiu.VasilevNV.Sprint5.Task0.V20.Test.csproj", "{59E07202-4A84-43CC-9839-17901EF8D3FC}"
EndProject
Project("{2150E333-8FDC-42A3-9474-1A3956D46DE8}") = "Task1", "Task1", "{4B8E378B-4875-4F37-91FC-3D0A6B180633}"
EndProject
Project("{FAE04EC0-301F-11D3-BF4B-00C04F79EFBC}") = "Tyuiu.VasilevNV.Sprint5.Task1.V15.Lib", "Tyuiu.VasilevNV.Sprint5.Task1.V15.Lib\Tyuiu.VasilevNV.Sprint5.Task1.V15.Lib.csproj", "{FC5B21D7-B9A2-4F0B-928E-F7AB2BF0CCF4}"
EndProject
Project("{FAE04EC0-301F-11D3-BF4B-00C04F79EFBC}") = "Tyuiu.VasilevNV.Sprint5.Task1.V15", "Tyuiu.VasilevNV.Sprint5.Task1.V15\Tyuiu.VasilevNV.Sprint5.Task1.V15.csproj", "{4AECB8F2-5DA5-401C-8E43-AE801BB0AE36}"
EndProject
Project("{FAE04EC0-301F-11D3-BF4B-00C04F79EFBC}") = "Tyuiu.VasilevNV.Sprint5.Task1.V15.Test", "Tyuiu.VasilevNV.Sprint5.Task1.V15.Test\Tyuiu.VasilevNV.Sprint5.Task1.V15.Test.csproj", "{B6E4F3EA-84EF-40AC-B5DC-FB6AD10EBC6C}"
EndProject
Project("{2150E333-8FDC-42A3-9474-1A3956D46DE8}") = "Task2", "Task2", "{49B4CEB7-78D5-41CC-A7A1-38486F230485}"
EndProject
Project("{FAE04EC0-301F-11D3-BF4B-00C04F79EFBC}") = "Tyuiu.VasilevNV.Sprint5.Task2.V8.Lib", "Tyuiu.VasilevNV.Sprint5.Task2.V8.Lib\Tyuiu.VasilevNV.Sprint5.Task2.V8.Lib.csproj", "{9FC418F6-6E3A-4CBF-86DD-EE2FC71B2104}"
EndProject
Project("{FAE04EC0-301F-11D3-BF4B-00C04F79EFBC}") = "Tyuiu.VasilevNV.Sprint5.Task2.V8", "Tyuiu.VasilevNV.Sprint5.Task2.V8\Tyuiu.VasilevNV.Sprint5.Task2.V8.csproj", "{4A307AF0-9691-438C-A33A-8E12F0FCD43D}"
EndProject
Project("{FAE04EC0-301F-11D3-BF4B-00C04F79EFBC}") = "Tyuiu.VasilevNV.Sprint5.Task2.V8.Test", "Tyuiu.VasilevNV.Sprint5.Task2.V8.Test\Tyuiu.VasilevNV.Sprint5.Task2.V8.Test.csproj", "{E60E2D70-18DD-4753-834F-F920952025BE}"
EndProject
Project("{2150E333-8FDC-42A3-9474-1A3956D46DE8}") = "Task3", "Task3", "{DC1ABFF2-BE4B-459F-8BA4-758E349E4378}"
EndProject
Project("{FAE04EC0-301F-11D3-BF4B-00C04F79EFBC}") = "Tyuiu.VasilevNV.Sprint5.Task3.V28.Lib", "Tyuiu.VasilevNV.Sprint5.Task3.V28.Lib\Tyuiu.VasilevNV.Sprint5.Task3.V28.Lib.csproj", "{83BDD76B-E7A1-4964-AA14-029DDEAB33C4}"
EndProject
Project("{FAE04EC0-301F-11D3-BF4B-00C04F79EFBC}") = "Tyuiu.VasilevNV.Sprint5.Task3.V28", "Tyuiu.VasilevNV.Sprint5.Task3.V28\Tyuiu.VasilevNV.Sprint5.Task3.V28.csproj", "{5E93EC6D-2D34-44BF-8411-C0DE490651FE}"
EndProject
Project("{FAE04EC0-301F-11D3-BF4B-00C04F79EFBC}") = "Tyuiu.VasilevNV.Sprint5.Task3.V28.Test", "Tyuiu.VasilevNV.Sprint5.Task3.V28.Test\Tyuiu.VasilevNV.Sprint5.Task3.V28.Test.csproj", "{88F501EB-26FA-44D2-B722-6C31811DE8BC}"
EndProject
Global
	GlobalSection(SolutionConfigurationPlatforms) = preSolution
		Debug|Any CPU = Debug|Any CPU
		Release|Any CPU = Release|Any CPU
	EndGlobalSection
	GlobalSection(ProjectConfigurationPlatforms) = postSolution
		{75550680-5E97-40A1-A0B4-672BE57DC4A1}.Debug|Any CPU.ActiveCfg = Debug|Any CPU
		{75550680-5E97-40A1-A0B4-672BE57DC4A1}.Debug|Any CPU.Build.0 = Debug|Any CPU
		{75550680-5E97-40A1-A0B4-672BE57DC4A1}.Release|Any CPU.ActiveCfg = Release|Any CPU
		{75550680-5E97-40A1-A0B4-672BE57DC4A1}.Release|Any CPU.Build.0 = Release|Any CPU
		{220F63D5-8E40-422A-A14C-FF20EB67317C}.Debug|Any CPU.ActiveCfg = Debug|Any CPU
		{220F63D5-8E40-422A-A14C-FF20EB67317C}.Debug|Any CPU.Build.0 = Debug|Any CPU
		{220F63D5-8E40-422A-A14C-FF20EB67317C}.Release|Any CPU.ActiveCfg = Release|Any CPU
		{220F63D5-8E40-422A-A14C-FF20EB67317C}.Release|Any CPU.Build.0 = Release|Any CPU
		{59E07202-4A84-43CC-9839-17901EF8D3FC}.Debug|Any CPU.ActiveCfg = Debug|Any CPU
		{59E07202-4A84-43CC-9839-17901EF8D3FC}.Debug|Any CPU.Build.0 = Debug|Any CPU
		{59E07202-4A84-43CC-9839-17901EF8D3FC}.Release|Any CPU.ActiveCfg = Release|Any CPU
		{59E07202-4A84-43CC-9839-17901EF8D3FC}.Release|Any CPU.Build.0 = Release|Any CPU
		{FC5B21D7-B9A2-4F0B-928E-F7AB2BF0CCF4}.Debug|Any CPU.ActiveCfg = Debug|Any CPU
		{FC5B21D7-B9A2-4F0B-928E-F7AB2BF0CCF4}.Debug|Any CPU.Build.0 = Debug|Any CPU
		{FC5B21D7-B9A2-4F0B-928E-F7AB2BF0CCF4}.Release|Any CPU.ActiveCfg = Release|Any CPU
		{FC5B21D7-B9A2-4F0B-928E-F7AB2BF0CCF4}.Release|Any CPU.Build.0 = Release|Any CPU
		{4AECB8F2-5DA5-401C-8E43-AE801BB0AE36}.Debug|Any CPU.ActiveCfg = Debug|Any CPU
		{4AECB8F2-5DA5-401C-8E43-AE801BB0AE36}.Debug|Any CPU.Build.0 = Debug|Any CPU
		{4AECB8F2-5DA5-401C-8E43-AE801BB0AE36}.Release|Any CPU.ActiveCfg = Release|Any CPU
		{4AECB8F2-5DA5-401C-8E43-AE801BB0AE36}.Release|Any CPU.Build.0 = Release|Any CPU
		{B6E4F3EA-84EF-40AC-B5DC-FB6AD10EBC6C}.Debug|Any CPU.ActiveCfg = Debug|Any CPU
		{B6E4F3EA-84EF-40AC-B5DC-FB6AD10EBC6C}.Debug|Any CPU.Build.0 = Debug|Any CPU
		{B6E4F3EA-84EF-40AC-B5DC-FB6AD10EBC6C}.Release|Any CPU.ActiveCfg = Release|Any CPU
		{B6E4F3EA-84EF-40AC-B5DC-FB6AD10EBC6C}.Release|Any CPU.Build.0 = Release|Any CPU
		{9FC418F6-6E3A-4CBF-86DD-EE2FC71B2104}.Debug|Any CPU.ActiveCfg = Debug|Any CPU
		{9FC418F6-6E3A-4CBF-86DD-EE2FC71B2104}.Debug|Any CPU.Build.0 = Debug|Any CPU
		{9FC418F6-6E3A-4CBF-86DD-EE2FC71B2104}.Release|Any CPU.ActiveCfg = Release|Any CPU
		{9FC418F6-6E3A-4CBF-86DD-EE2FC71B2104}.Release|Any CPU.Build.0 = Release|Any CPU
		{4A307AF0-9691-438C-A33A-8E12F0FCD43D}.Debug|Any CPU.ActiveCfg = Debug|Any CPU
		{4A307AF0-9691-438C-A33A-8E12F0FCD43D}.Debug|Any CPU.Build.0 = Debug|Any CPU
		{4A307AF0-9691-438C-A33A-8E12F0FCD43D}.Release|Any CPU.ActiveCfg = Release|Any CPU
		{4A307AF0-9691-438C-A33A-8E12F0FCD43D}.Release|Any CPU.Build.0 = Release|Any CPU
		{E60E2D70-18DD-4753-834F-F920952025BE}.Debug|Any CPU.ActiveCfg = Debug|Any CPU
		{E60E2D70-18DD-4753-834F-F920952025BE}.Debug|Any CPU.Build.0 = Debug|Any CPU
		{E60E2D70-18DD-4753-834F-F920952025BE}.Release|Any CPU.ActiveCfg = Release|Any CPU
		{E60E2D70-18DD-4753-834F-F920952025BE}.Release|Any CPU.Build.0 = Release|Any CPU
		{83BDD76B-E7A1-4964-AA14-029DDEAB33C4}.Debug|Any CPU.ActiveCfg = Debug|Any CPU
		{83BDD76B-E7A1-4964-AA14-029DDEAB33C4}.Debug|Any CPU.Build.0 = Debug|Any CPU
		{83BDD76B-E7A1-4964-AA14-029DDEAB33C4}.Release|Any CPU.ActiveCfg = Release|Any CPU
		{83BDD76B-E7A1-4964-AA14-029DDEAB33C4}.Release|Any CPU.Build.0 = Release|Any CPU
		{5E93EC6D-2D34-44BF-8411-C0DE490651FE}.Debug|Any CPU.ActiveCfg = Debug|Any CPU
		{5E93EC6D-2D34-44BF-8411-C0DE490651FE}.Debug|Any CPU.Build.0 = Debug|Any CPU
		{5E93EC6D-2D34-44BF-8411-C0DE490651FE}.Release|Any CPU.ActiveCfg = Release|Any CPU
		{5E93EC6D-2D34-44BF-8411-C0DE490651FE}.Release|Any CPU.Build.0 = Release|Any CPU
		{88F501EB-26FA-44D2-B722-6C31811DE8BC}.Debug|Any CPU.ActiveCfg = Debug|Any CPU
		{88F501EB-26FA-44D2-B722-6C31811DE8BC}.Debug|Any CPU.Build.0 = Debug|Any CPU
		{88F501EB-26FA-44D2-B722-6C31811DE8BC}.Release|Any CPU.ActiveCfg = Release|Any CPU
		{88F501EB-26FA-44D2-B722-6C31811DE8BC}.Release|Any CPU.Build.0 = Release|Any CPU
	EndGlobalSection
	GlobalSection(SolutionProperties) = preSolution
		HideSolutionNode = FALSE
	EndGlobalSection
	GlobalSection(NestedProjects) = preSolution
		{75550680-5E97-40A1-A0B4-672BE57DC4A1} = {8B01D4EA-7D07-4E33-80A1-EF14DC5CD08B}
		{220F63D5-8E40-422A-A14C-FF20EB67317C} = {8B01D4EA-7D07-4E33-80A1-EF14DC5CD08B}
		{59E07202-4A84-43CC-9839-17901EF8D3FC} = {8B01D4EA-7D07-4E33-80A1-EF14DC5CD08B}
		{FC5B21D7-B9A2-4F0B-928E-F7AB2BF0CCF4} = {4B8E378B-4875-4F37-91FC-3D0A6B180633}
		{4AECB8F2-5DA5-401C-8E43-AE801BB0AE36} = {4B8E378B-4875-4F37-91FC-3D0A6B180633}
		{B6E4F3EA-84EF-40AC-B5DC-FB6AD10EBC6C} = {4B8E378B-4875-4F37-91FC-3D0A6B180633}
		{9FC418F6-6E3A-4CBF-86DD-EE2FC71B2104} = {49B4CEB7-78D5-41CC-A7A1-38486F230485}
		{4A307AF0-9691-438C-A33A-8E12F0FCD43D} = {49B4CEB7-78D5-41CC-A7A1-38486F230485}
		{E60E2D70-18DD-4753-834F-F920952025BE} = {49B4CEB7-78D5-41CC-A7A1-38486F230485}
		{83BDD76B-E7A1-4964-AA14-029DDEAB33C4} = {DC1ABFF2-BE4B-459F-8BA4-758E349E4378}
		{5E93EC6D-2D34-44BF-8411-C0DE490651FE} = {DC1ABFF2-BE4B-459F-8BA4-758E349E4378}
		{88F501EB-26FA-44D2-B722-6C31811DE8BC} = {DC1ABFF2-BE4B-459F-8BA4-758E349E4378}
	EndGlobalSection
	GlobalSection(ExtensibilityGlobals) = postSolution
		SolutionGuid = {EFD6FA8F-CA13-4B5C-9F1C-ADB8B084F8FC}
	EndGlobalSection
EndGlobal
